# @generated by Move, please check-in and do not edit manually.

[move]
version = 3
manifest_digest = "07D2E40AC4BB9286237E92C494FEB16273E8A48BBD6DA78484B64C4EEECFC67F"
deps_digest = "F8BBB0CCB2491CA29A3DF03D6F92277A4F3574266507ACD77214D37ECA3F3082"
dependencies = [
  { id = "Sui", name = "Sui" },
]

[[move.package]]
id = "MoveStdlib"
source = { git = "https://github.com/MystenLabs/sui.git", rev = "framework/testnet", subdir = "crates/sui-framework/packages/move-stdlib" }

[[move.package]]
id = "Sui"
source = { git = "https://github.com/MystenLabs/sui.git", rev = "framework/testnet", subdir = "crates/sui-framework/packages/sui-framework" }

dependencies = [
  { id = "MoveStdlib", name = "MoveStdlib" },
]

[move.toolchain-version]
compiler-version = "1.44.0"
edition = "2024.beta"
flavor = "sui"

[env]

[env.testnet]
chain-id = "4c78adac"
original-published-id = "0x083f4b4740944f581666545634bd4d140a465661ad0099602d94ae4c84598178"
latest-published-id = "0x083f4b4740944f581666545634bd4d140a465661ad0099602d94ae4c84598178"
published-version = "1"
